// !$*UTF8*$!
{
	archiveVersion = 1;
	classes = {
	};
	objectVersion = 48;
	objects = {

/* Begin PBXBuildFile section */
		3A44F1C01F798C56009BF8C4 /* AppDelegate.swift in Sources */ = {isa = PBXBuildFile; fileRef = 3A44F1BF1F798C56009BF8C4 /* AppDelegate.swift */; };
		3A44F1C21F798C56009BF8C4 /* CameraViewController.swift in Sources */ = {isa = PBXBuildFile; fileRef = 3A44F1C11F798C56009BF8C4 /* CameraViewController.swift */; };
		3A44F1C51F798C56009BF8C4 /* Main.storyboard in Resources */ = {isa = PBXBuildFile; fileRef = 3A44F1C31F798C56009BF8C4 /* Main.storyboard */; };
		3A44F1C71F798C56009BF8C4 /* Assets.xcassets in Resources */ = {isa = PBXBuildFile; fileRef = 3A44F1C61F798C56009BF8C4 /* Assets.xcassets */; };
		3A44F1CA1F798C56009BF8C4 /* LaunchScreen.storyboard in Resources */ = {isa = PBXBuildFile; fileRef = 3A44F1C81F798C56009BF8C4 /* LaunchScreen.storyboard */; };
		3A44F1D51F799364009BF8C4 /* RoundedShadowView.swift in Sources */ = {isa = PBXBuildFile; fileRef = 3A44F1D41F799364009BF8C4 /* RoundedShadowView.swift */; };
		3A44F1D71F799553009BF8C4 /* RoundedButton.swift in Sources */ = {isa = PBXBuildFile; fileRef = 3A44F1D61F799553009BF8C4 /* RoundedButton.swift */; };
/* End PBXBuildFile section */

/* Begin PBXFileReference section */
		3A44F1BC1F798C56009BF8C4 /* machine-learning-app.app */ = {isa = PBXFileReference; explicitFileType = wrapper.application; includeInIndex = 0; path = "machine-learning-app.app"; sourceTree = BUILT_PRODUCTS_DIR; };
		3A44F1BF1F798C56009BF8C4 /* AppDelegate.swift */ = {isa = PBXFileReference; lastKnownFileType = sourcecode.swift; path = AppDelegate.swift; sourceTree = "<group>"; };
		3A44F1C11F798C56009BF8C4 /* CameraViewController.swift */ = {isa = PBXFileReference; lastKnownFileType = sourcecode.swift; path = CameraViewController.swift; sourceTree = "<group>"; };
		3A44F1C41F798C56009BF8C4 /* Base */ = {isa = PBXFileReference; lastKnownFileType = file.storyboard; name = Base; path = Base.lproj/Main.storyboard; sourceTree = "<group>"; };
		3A44F1C61F798C56009BF8C4 /* Assets.xcassets */ = {isa = PBXFileReference; lastKnownFileType = folder.assetcatalog; path = Assets.xcassets; sourceTree = "<group>"; };
		3A44F1C91F798C56009BF8C4 /* Base */ = {isa = PBXFileReference; lastKnownFileType = file.storyboard; name = Base; path = Base.lproj/LaunchScreen.storyboard; sourceTree = "<group>"; };
		3A44F1CB1F798C56009BF8C4 /* Info.plist */ = {isa = PBXFileReference; lastKnownFileType = text.plist.xml; path = Info.plist; sourceTree = "<group>"; };
		3A44F1D41F799364009BF8C4 /* RoundedShadowView.swift */ = {isa = PBXFileReference; lastKnownFileType = sourcecode.swift; path = RoundedShadowView.swift; sourceTree = "<group>"; };
		3A44F1D61F799553009BF8C4 /* RoundedButton.swift */ = {isa = PBXFileReference; lastKnownFileType = sourcecode.swift; path = RoundedButton.swift; sourceTree = "<group>"; };
/* End PBXFileReference section */

/* Begin PBXFrameworksBuildPhase section */
		3A44F1B91F798C56009BF8C4 /* Frameworks */ = {
			isa = PBXFrameworksBuildPhase;
			buildActionMask = 2147483647;
			files = (
			);
			runOnlyForDeploymentPostprocessing = 0;
		};
/* End PBXFrameworksBuildPhase section */

/* Begin PBXGroup section */
		3A44F1B31F798C56009BF8C4 = {
			isa = PBXGroup;
			children = (
				3A44F1BE1F798C56009BF8C4 /* machine-learning-app */,
				3A44F1BD1F798C56009BF8C4 /* Products */,
			);
			sourceTree = "<group>";
		};
		3A44F1BD1F798C56009BF8C4 /* Products */ = {
			isa = PBXGroup;
			children = (
				3A44F1BC1F798C56009BF8C4 /* machine-learning-app.app */,
			);
			name = Products;
			sourceTree = "<group>";
		};
		3A44F1BE1F798C56009BF8C4 /* machine-learning-app */ = {
			isa = PBXGroup;
			children = (
				3A44F1D31F799041009BF8C4 /* Resources */,
				3A44F1D21F799033009BF8C4 /* Views */,
				3A44F1D11F799026009BF8C4 /* Controllers */,
				3A44F1BF1F798C56009BF8C4 /* AppDelegate.swift */,
				3A44F1C31F798C56009BF8C4 /* Main.storyboard */,
				3A44F1C61F798C56009BF8C4 /* Assets.xcassets */,
				3A44F1C81F798C56009BF8C4 /* LaunchScreen.storyboard */,
				3A44F1CB1F798C56009BF8C4 /* Info.plist */,
			);
			path = "machine-learning-app";
			sourceTree = "<group>";
		};
		3A44F1D11F799026009BF8C4 /* Controllers */ = {
			isa = PBXGroup;
			children = (
				3A44F1C11F798C56009BF8C4 /* CameraViewController.swift */,
			);
			path = Controllers;
			sourceTree = "<group>";
		};
		3A44F1D21F799033009BF8C4 /* Views */ = {
			isa = PBXGroup;
			children = (
				3A44F1D41F799364009BF8C4 /* RoundedShadowView.swift */,
				3A44F1D61F799553009BF8C4 /* RoundedButton.swift */,
			);
			path = Views;
			sourceTree = "<group>";
		};
		3A44F1D31F799041009BF8C4 /* Resources */ = {
			isa = PBXGroup;
			children = (
			);
			path = Resources;
			sourceTree = "<group>";
		};
/* End PBXGroup section */

/* Begin PBXNativeTarget section */
		3A44F1BB1F798C56009BF8C4 /* machine-learning-app */ = {
			isa = PBXNativeTarget;
			buildConfigurationList = 3A44F1CE1F798C56009BF8C4 /* Build configuration list for PBXNativeTarget "machine-learning-app" */;
			buildPhases = (
				3A44F1B81F798C56009BF8C4 /* Sources */,
				3A44F1B91F798C56009BF8C4 /* Frameworks */,
				3A44F1BA1F798C56009BF8C4 /* Resources */,
			);
			buildRules = (
			);
			dependencies = (
			);
			name = "machine-learning-app";
			productName = "machine-learning-app";
			productReference = 3A44F1BC1F798C56009BF8C4 /* machine-learning-app.app */;
			productType = "com.apple.product-type.application";
		};
/* End PBXNativeTarget section */

/* Begin PBXProject section */
		3A44F1B41F798C56009BF8C4 /* Project object */ = {
			isa = PBXProject;
			attributes = {
				LastSwiftUpdateCheck = 0900;
				LastUpgradeCheck = 0900;
				ORGANIZATIONNAME = "Adrian Horstmann";
				TargetAttributes = {
					3A44F1BB1F798C56009BF8C4 = {
						CreatedOnToolsVersion = 9.0;
						ProvisioningStyle = Automatic;
					};
				};
			};
			buildConfigurationList = 3A44F1B71F798C56009BF8C4 /* Build configuration list for PBXProject "machine-learning-app" */;
			compatibilityVersion = "Xcode 8.0";
			developmentRegion = en;
			hasScannedForEncodings = 0;
			knownRegions = (
				en,
				Base,
			);
			mainGroup = 3A44F1B31F798C56009BF8C4;
			productRefGroup = 3A44F1BD1F798C56009BF8C4 /* Products */;
			projectDirPath = "";
			projectRoot = "";
			targets = (
				3A44F1BB1F798C56009BF8C4 /* machine-learning-app */,
			);
		};
/* End PBXProject section */

/* Begin PBXResourcesBuildPhase section */
		3A44F1BA1F798C56009BF8C4 /* Resources */ = {
			isa = PBXResourcesBuildPhase;
			buildActionMask = 2147483647;
			files = (
				3A44F1CA1F798C56009BF8C4 /* LaunchScreen.storyboard in Resources */,
				3A44F1C71F798C56009BF8C4 /* Assets.xcassets in Resources */,
				3A44F1C51F798C56009BF8C4 /* Main.storyboard in Resources */,
			);
			runOnlyForDeploymentPostprocessing = 0;
		};
/* End PBXResourcesBuildPhase section */

/* Begin PBXSourcesBuildPhase section */
		3A44F1B81F798C56009BF8C4 /* Sources */ = {
			isa = PBXSourcesBuildPhase;
			buildActionMask = 2147483647;
			files = (
				3A44F1C21F798C56009BF8C4 /* CameraViewController.swift in Sources */,
				3A44F1C01F798C56009BF8C4 /* AppDelegate.swift in Sources */,
				3A44F1D51F799364009BF8C4 /* RoundedShadowView.swift in Sources */,
				3A44F1D71F799553009BF8C4 /* RoundedButton.swift in Sources */,
			);
			runOnlyForDeploymentPostprocessing = 0;
		};
/* End PBXSourcesBuildPhase section */

/* Begin PBXVariantGroup section */
		3A44F1C31F798C56009BF8C4 /* Main.storyboard */ = {
			isa = PBXVariantGroup;
			children = (
				3A44F1C41F798C56009BF8C4 /* Base */,
			);
			name = Main.storyboard;
			sourceTree = "<group>";
		};
		3A44F1C81F798C56009BF8C4 /* LaunchScreen.storyboard */ = {
			isa = PBXVariantGroup;
			children = (
				3A44F1C91F798C56009BF8C4 /* Base */,
			);
			name = LaunchScreen.storyboard;
			sourceTree = "<group>";
		};
/* End PBXVariantGroup section */

/* Begin XCBuildConfiguration section */
		3A44F1CC1F798C56009BF8C4 /* Debug */ = {
			isa = XCBuildConfiguration;
			buildSettings = {
				ALWAYS_SEARCH_USER_PATHS = NO;
				CLANG_ANALYZER_NONNULL = YES;
				CLANG_ANALYZER_NUMBER_OBJECT_CONVERSION = YES_AGGRESSIVE;
				CLANG_CXX_LANGUAGE_STANDARD = "gnu++14";
				CLANG_CXX_LIBRARY = "libc++";
				CLANG_ENABLE_MODULES = YES;
				CLANG_ENABLE_OBJC_ARC = YES;
				CLANG_WARN_BLOCK_CAPTURE_AUTORELEASING = YES;
				CLANG_WARN_BOOL_CONVERSION = YES;
				CLANG_WARN_COMMA = YES;
				CLANG_WARN_CONSTANT_CONVERSION = YES;
				CLANG_WARN_DIRECT_OBJC_ISA_USAGE = YES_ERROR;
				CLANG_WARN_DOCUMENTATION_COMMENTS = YES;
				CLANG_WARN_EMPTY_BODY = YES;
				CLANG_WARN_ENUM_CONVERSION = YES;
				CLANG_WARN_INFINITE_RECURSION = YES;
				CLANG_WARN_INT_CONVERSION = YES;
				CLANG_WARN_NON_LITERAL_NULL_CONVERSION = YES;
				CLANG_WARN_OBJC_LITERAL_CONVERSION = YES;
				CLANG_WARN_OBJC_ROOT_CLASS = YES_ERROR;
				CLANG_WARN_RANGE_LOOP_ANALYSIS = YES;
				CLANG_WARN_STRICT_PROTOTYPES = YES;
				CLANG_WARN_SUSPICIOUS_MOVE = YES;
				CLANG_WARN_UNGUARDED_AVAILABILITY = YES_AGGRESSIVE;
				CLANG_WARN_UNREACHABLE_CODE = YES;
				CLANG_WARN__DUPLICATE_METHOD_MATCH = YES;
				CODE_SIGN_IDENTITY = "iPhone Developer";
				COPY_PHASE_STRIP = NO;
				DEBUG_INFORMATION_FORMAT = dwarf;
				ENABLE_STRICT_OBJC_MSGSEND = YES;
				ENABLE_TESTABILITY = YES;
				GCC_C_LANGUAGE_STANDARD = gnu11;
				GCC_DYNAMIC_NO_PIC = NO;
				GCC_NO_COMMON_BLOCKS = YES;
				GCC_OPTIMIZATION_LEVEL = 0;
				GCC_PREPROCESSOR_DEFINITIONS = (
					"DEBUG=1",
					"$(inherited)",
				);
				GCC_WARN_64_TO_32_BIT_CONVERSION = YES;
				GCC_WARN_ABOUT_RETURN_TYPE = YES_ERROR;
				GCC_WARN_UNDECLARED_SELECTOR = YES;
				GCC_WARN_UNINITIALIZED_AUTOS = YES_AGGRESSIVE;
				GCC_WARN_UNUSED_FUNCTION = YES;
				GCC_WARN_UNUSED_VARIABLE = YES;
				IPHONEOS_DEPLOYMENT_TARGET = 11.0;
				MTL_ENABLE_DEBUG_INFO = YES;
				ONLY_ACTIVE_ARCH = YES;
				SDKROOT = iphoneos;
				SWIFT_ACTIVE_COMPILATION_CONDITIONS = DEBUG;
				SWIFT_OPTIMIZATION_LEVEL = "-Onone";
			};
			name = Debug;
		};
		3A44F1CD1F798C56009BF8C4 /* Release */ = {
			isa = XCBuildConfiguration;
			buildSettings = {
				ALWAYS_SEARCH_USER_PATHS = NO;
				CLANG_ANALYZER_NONNULL = YES;
				CLANG_ANALYZER_NUMBER_OBJECT_CONVERSION = YES_AGGRESSIVE;
				CLANG_CXX_LANGUAGE_STANDARD = "gnu++14";
				CLANG_CXX_LIBRARY = "libc++";
				CLANG_ENABLE_MODULES = YES;
				CLANG_ENABLE_OBJC_ARC = YES;
				CLANG_WARN_BLOCK_CAPTURE_AUTORELEASING = YES;
				CLANG_WARN_BOOL_CONVERSION = YES;
				CLANG_WARN_COMMA = YES;
				CLANG_WARN_CONSTANT_CONVERSION = YES;
				CLANG_WARN_DIRECT_OBJC_ISA_USAGE = YES_ERROR;
				CLANG_WARN_DOCUMENTATION_COMMENTS = YES;
				CLANG_WARN_EMPTY_BODY = YES;
				CLANG_WARN_ENUM_CONVERSION = YES;
				CLANG_WARN_INFINITE_RECURSION = YES;
				CLANG_WARN_INT_CONVERSION = YES;
				CLANG_WARN_NON_LITERAL_NULL_CONVERSION = YES;
				CLANG_WARN_OBJC_LITERAL_CONVERSION = YES;
				CLANG_WARN_OBJC_ROOT_CLASS = YES_ERROR;
				CLANG_WARN_RANGE_LOOP_ANALYSIS = YES;
				CLANG_WARN_STRICT_PROTOTYPES = YES;
				CLANG_WARN_SUSPICIOUS_MOVE = YES;
				CLANG_WARN_UNGUARDED_AVAILABILITY = YES_AGGRESSIVE;
				CLANG_WARN_UNREACHABLE_CODE = YES;
				CLANG_WARN__DUPLICATE_METHOD_MATCH = YES;
				CODE_SIGN_IDENTITY = "iPhone Developer";
				COPY_PHASE_STRIP = NO;
				DEBUG_INFORMATION_FORMAT = "dwarf-with-dsym";
				ENABLE_NS_ASSERTIONS = NO;
				ENABLE_STRICT_OBJC_MSGSEND = YES;
				GCC_C_LANGUAGE_STANDARD = gnu11;
				GCC_NO_COMMON_BLOCKS = YES;
				GCC_WARN_64_TO_32_BIT_CONVERSION = YES;
				GCC_WARN_ABOUT_RETURN_TYPE = YES_ERROR;
				GCC_WARN_UNDECLARED_SELECTOR = YES;
				GCC_WARN_UNINITIALIZED_AUTOS = YES_AGGRESSIVE;
				GCC_WARN_UNUSED_FUNCTION = YES;
				GCC_WARN_UNUSED_VARIABLE = YES;
				IPHONEOS_DEPLOYMENT_TARGET = 11.0;
				MTL_ENABLE_DEBUG_INFO = NO;
				SDKROOT = iphoneos;
				SWIFT_OPTIMIZATION_LEVEL = "-Owholemodule";
				VALIDATE_PRODUCT = YES;
			};
			name = Release;
		};
		3A44F1CF1F798C56009BF8C4 /* Debug */ = {
			isa = XCBuildConfiguration;
			buildSettings = {
				ASSETCATALOG_COMPILER_APPICON_NAME = AppIcon;
				CODE_SIGN_STYLE = Automatic;
				DEVELOPMENT_TEAM = TESDDF678B;
				INFOPLIST_FILE = "machine-learning-app/Info.plist";
				LD_RUNPATH_SEARCH_PATHS = "$(inherited) @executable_path/Frameworks";
				PRODUCT_BUNDLE_IDENTIFIER = "de.horstmann.machine-learning-app";
				PRODUCT_NAME = "$(TARGET_NAME)";
				SWIFT_VERSION = 4.0;
				TARGETED_DEVICE_FAMILY = "1,2";
			};
			name = Debug;
		};
		3A44F1D01F798C56009BF8C4 /* Release */ = {
			isa = XCBuildConfiguration;
			buildSettings = {
				ASSETCATALOG_COMPILER_APPICON_NAME = AppIcon;
				CODE_SIGN_STYLE = Automatic;
				DEVELOPMENT_TEAM = TESDDF678B;
				INFOPLIST_FILE = "machine-learning-app/Info.plist";
				LD_RUNPATH_SEARCH_PATHS = "$(inherited) @executable_path/Frameworks";
				PRODUCT_BUNDLE_IDENTIFIER = "de.horstmann.machine-learning-app";
				PRODUCT_NAME = "$(TARGET_NAME)";
				SWIFT_VERSION = 4.0;
				TARGETED_DEVICE_FAMILY = "1,2";
			};
			name = Release;
		};
/* End XCBuildConfiguration section */

/* Begin XCConfigurationList section */
		3A44F1B71F798C56009BF8C4 /* Build configuration list for PBXProject "machine-learning-app" */ = {
			isa = XCConfigurationList;
			buildConfigurations = (
				3A44F1CC1F798C56009BF8C4 /* Debug */,
				3A44F1CD1F798C56009BF8C4 /* Release */,
			);
			defaultConfigurationIsVisible = 0;
			defaultConfigurationName = Release;
		};
		3A44F1CE1F798C56009BF8C4 /* Build configuration list for PBXNativeTarget "machine-learning-app" */ = {
			isa = XCConfigurationList;
			buildConfigurations = (
				3A44F1CF1F798C56009BF8C4 /* Debug */,
				3A44F1D01F798C56009BF8C4 /* Release */,
			);
			defaultConfigurationIsVisible = 0;
			defaultConfigurationName = Release;
		};
/* End XCConfigurationList section */
	};
	rootObject = 3A44F1B41F798C56009BF8C4 /* Project object */;
}
